
Microsoft Visual Studio Solution File, Format Version 12.00
# Visual Studio Version 17
VisualStudioVersion = 17.8.34525.116
MinimumVisualStudioVersion = 10.0.40219.1
Project("{9A19103F-16F7-4668-BE54-9A1E7A4F7556}") = "csv-file-exercise", "csv-file-exercise\csv-file-exercise.csproj", "{66D74DDD-EFDA-4E16-A917-11F70228B78C}"
EndProject
Project("{2150E333-8FDC-42A3-9474-1A3956D46DE8}") = "Solution Items", "Solution Items", "{C89D6169-D873-4460-8E21-F62FE41DD692}"
	ProjectSection(SolutionItems) = preProject
		.editorconfig = .editorconfig
	EndProjectSection
EndProject
Project("{9A19103F-16F7-4668-BE54-9A1E7A4F7556}") = "json-file-exercise", "json-file-exercise\json-file-exercise.csproj", "{6EA3781C-FFBF-4BC0-8A30-45287CD72A3A}"
EndProject
Project("{9A19103F-16F7-4668-BE54-9A1E7A4F7556}") = "silk.net-test", "silk.net-test\silk.net-test.csproj", "{414AC823-96FC-408C-B5E2-8BDC50DF3ED3}"
EndProject
Project("{9A19103F-16F7-4668-BE54-9A1E7A4F7556}") = "func-action-exercise", "func-action-exercise\func-action-exercise.csproj", "{D00E4C52-8496-49CB-B570-67E9F8F11C88}"
EndProject
Project("{9A19103F-16F7-4668-BE54-9A1E7A4F7556}") = "ShuffleList", "ShuffleList\ShuffleList.csproj", "{F6C5A8D5-1883-4466-A3F4-91754B2920BA}"
EndProject
Project("{9A19103F-16F7-4668-BE54-9A1E7A4F7556}") = "movies-api", "movies-api\movies-api.csproj", "{6859CEA6-F454-4B2A-AE17-C8A91CBC3F9D}"
EndProject
Project("{9A19103F-16F7-4668-BE54-9A1E7A4F7556}") = "operator-overloading", "operator-overloading\operator-overloading.csproj", "{FD1E2D73-CE40-45A4-B266-5BFC91BA8A92}"
EndProject
Project("{9A19103F-16F7-4668-BE54-9A1E7A4F7556}") = "exploring-attributes", "exploring-attributes\exploring-attributes.csproj", "{7782F9C6-376C-449E-8495-EE6AB06C4B0E}"
EndProject
Project("{9A19103F-16F7-4668-BE54-9A1E7A4F7556}") = "bubble-sort-benchmark", "bubble-sort-benchmark\bubble-sort-benchmark.csproj", "{71ADCC3E-1FE9-431C-AABF-BB5C39712B13}"
EndProject
Project("{9A19103F-16F7-4668-BE54-9A1E7A4F7556}") = "merge-sort", "merge-sort\merge-sort.csproj", "{0428E27D-FAB7-43BB-9574-222E7D40AC3F}"
EndProject
Project("{9A19103F-16F7-4668-BE54-9A1E7A4F7556}") = "merge-sort-vs-bubble-sort", "merge-sort-vs-bubble-sort\merge-sort-vs-bubble-sort.csproj", "{C09799CE-7330-42E8-97C7-D60F30856DC8}"
EndProject
Project("{9A19103F-16F7-4668-BE54-9A1E7A4F7556}") = "fizzbuzz", "fizzbuzz\fizzbuzz.csproj", "{6C38E551-C035-400A-B454-5A82BF279DBB}"
EndProject
Project("{9A19103F-16F7-4668-BE54-9A1E7A4F7556}") = "dapper-exercise", "dapper-exercise\dapper-exercise.csproj", "{B341ECDF-B560-49EB-A0AD-03D365EAA43F}"
EndProject
Project("{FAE04EC0-301F-11D3-BF4B-00C04F79EFBC}") = "list-visualizer", "list-visualizer\list-visualizer.csproj", "{7B11D1C7-D165-46CB-8172-46E82A672571}"
EndProject
Project("{FAE04EC0-301F-11D3-BF4B-00C04F79EFBC}") = "linked-lists", "linked-lists\linked-lists.csproj", "{4B681AF4-D63E-4475-9193-07C8EAEFED72}"
EndProject
Global
	GlobalSection(SolutionConfigurationPlatforms) = preSolution
		Debug|Any CPU = Debug|Any CPU
		Release|Any CPU = Release|Any CPU
	EndGlobalSection
	GlobalSection(ProjectConfigurationPlatforms) = postSolution
		{66D74DDD-EFDA-4E16-A917-11F70228B78C}.Debug|Any CPU.ActiveCfg = Debug|Any CPU
		{66D74DDD-EFDA-4E16-A917-11F70228B78C}.Debug|Any CPU.Build.0 = Debug|Any CPU
		{66D74DDD-EFDA-4E16-A917-11F70228B78C}.Release|Any CPU.ActiveCfg = Release|Any CPU
		{66D74DDD-EFDA-4E16-A917-11F70228B78C}.Release|Any CPU.Build.0 = Release|Any CPU
		{6EA3781C-FFBF-4BC0-8A30-45287CD72A3A}.Debug|Any CPU.ActiveCfg = Debug|Any CPU
		{6EA3781C-FFBF-4BC0-8A30-45287CD72A3A}.Debug|Any CPU.Build.0 = Debug|Any CPU
		{6EA3781C-FFBF-4BC0-8A30-45287CD72A3A}.Release|Any CPU.ActiveCfg = Release|Any CPU
		{6EA3781C-FFBF-4BC0-8A30-45287CD72A3A}.Release|Any CPU.Build.0 = Release|Any CPU
		{414AC823-96FC-408C-B5E2-8BDC50DF3ED3}.Debug|Any CPU.ActiveCfg = Debug|Any CPU
		{414AC823-96FC-408C-B5E2-8BDC50DF3ED3}.Debug|Any CPU.Build.0 = Debug|Any CPU
		{414AC823-96FC-408C-B5E2-8BDC50DF3ED3}.Release|Any CPU.ActiveCfg = Release|Any CPU
		{414AC823-96FC-408C-B5E2-8BDC50DF3ED3}.Release|Any CPU.Build.0 = Release|Any CPU
		{D00E4C52-8496-49CB-B570-67E9F8F11C88}.Debug|Any CPU.ActiveCfg = Debug|Any CPU
		{D00E4C52-8496-49CB-B570-67E9F8F11C88}.Debug|Any CPU.Build.0 = Debug|Any CPU
		{D00E4C52-8496-49CB-B570-67E9F8F11C88}.Release|Any CPU.ActiveCfg = Release|Any CPU
		{D00E4C52-8496-49CB-B570-67E9F8F11C88}.Release|Any CPU.Build.0 = Release|Any CPU
		{F6C5A8D5-1883-4466-A3F4-91754B2920BA}.Debug|Any CPU.ActiveCfg = Debug|Any CPU
		{F6C5A8D5-1883-4466-A3F4-91754B2920BA}.Debug|Any CPU.Build.0 = Debug|Any CPU
		{F6C5A8D5-1883-4466-A3F4-91754B2920BA}.Release|Any CPU.ActiveCfg = Release|Any CPU
		{F6C5A8D5-1883-4466-A3F4-91754B2920BA}.Release|Any CPU.Build.0 = Release|Any CPU
		{6859CEA6-F454-4B2A-AE17-C8A91CBC3F9D}.Debug|Any CPU.ActiveCfg = Debug|Any CPU
		{6859CEA6-F454-4B2A-AE17-C8A91CBC3F9D}.Debug|Any CPU.Build.0 = Debug|Any CPU
		{6859CEA6-F454-4B2A-AE17-C8A91CBC3F9D}.Release|Any CPU.ActiveCfg = Release|Any CPU
		{6859CEA6-F454-4B2A-AE17-C8A91CBC3F9D}.Release|Any CPU.Build.0 = Release|Any CPU
		{FD1E2D73-CE40-45A4-B266-5BFC91BA8A92}.Debug|Any CPU.ActiveCfg = Debug|Any CPU
		{FD1E2D73-CE40-45A4-B266-5BFC91BA8A92}.Debug|Any CPU.Build.0 = Debug|Any CPU
		{FD1E2D73-CE40-45A4-B266-5BFC91BA8A92}.Release|Any CPU.ActiveCfg = Release|Any CPU
		{FD1E2D73-CE40-45A4-B266-5BFC91BA8A92}.Release|Any CPU.Build.0 = Release|Any CPU
		{7782F9C6-376C-449E-8495-EE6AB06C4B0E}.Debug|Any CPU.ActiveCfg = Debug|Any CPU
		{7782F9C6-376C-449E-8495-EE6AB06C4B0E}.Debug|Any CPU.Build.0 = Debug|Any CPU
		{7782F9C6-376C-449E-8495-EE6AB06C4B0E}.Release|Any CPU.ActiveCfg = Release|Any CPU
		{7782F9C6-376C-449E-8495-EE6AB06C4B0E}.Release|Any CPU.Build.0 = Release|Any CPU
		{71ADCC3E-1FE9-431C-AABF-BB5C39712B13}.Debug|Any CPU.ActiveCfg = Debug|Any CPU
		{71ADCC3E-1FE9-431C-AABF-BB5C39712B13}.Debug|Any CPU.Build.0 = Debug|Any CPU
		{71ADCC3E-1FE9-431C-AABF-BB5C39712B13}.Release|Any CPU.ActiveCfg = Release|Any CPU
		{71ADCC3E-1FE9-431C-AABF-BB5C39712B13}.Release|Any CPU.Build.0 = Release|Any CPU
		{0428E27D-FAB7-43BB-9574-222E7D40AC3F}.Debug|Any CPU.ActiveCfg = Debug|Any CPU
		{0428E27D-FAB7-43BB-9574-222E7D40AC3F}.Debug|Any CPU.Build.0 = Debug|Any CPU
		{0428E27D-FAB7-43BB-9574-222E7D40AC3F}.Release|Any CPU.ActiveCfg = Release|Any CPU
		{0428E27D-FAB7-43BB-9574-222E7D40AC3F}.Release|Any CPU.Build.0 = Release|Any CPU
		{C09799CE-7330-42E8-97C7-D60F30856DC8}.Debug|Any CPU.ActiveCfg = Debug|Any CPU
		{C09799CE-7330-42E8-97C7-D60F30856DC8}.Debug|Any CPU.Build.0 = Debug|Any CPU
		{C09799CE-7330-42E8-97C7-D60F30856DC8}.Release|Any CPU.ActiveCfg = Release|Any CPU
		{C09799CE-7330-42E8-97C7-D60F30856DC8}.Release|Any CPU.Build.0 = Release|Any CPU
		{6C38E551-C035-400A-B454-5A82BF279DBB}.Debug|Any CPU.ActiveCfg = Debug|Any CPU
		{6C38E551-C035-400A-B454-5A82BF279DBB}.Debug|Any CPU.Build.0 = Debug|Any CPU
		{6C38E551-C035-400A-B454-5A82BF279DBB}.Release|Any CPU.ActiveCfg = Release|Any CPU
		{6C38E551-C035-400A-B454-5A82BF279DBB}.Release|Any CPU.Build.0 = Release|Any CPU
		{B341ECDF-B560-49EB-A0AD-03D365EAA43F}.Debug|Any CPU.ActiveCfg = Debug|Any CPU
		{B341ECDF-B560-49EB-A0AD-03D365EAA43F}.Debug|Any CPU.Build.0 = Debug|Any CPU
		{B341ECDF-B560-49EB-A0AD-03D365EAA43F}.Release|Any CPU.ActiveCfg = Release|Any CPU
		{B341ECDF-B560-49EB-A0AD-03D365EAA43F}.Release|Any CPU.Build.0 = Release|Any CPU
		{7B11D1C7-D165-46CB-8172-46E82A672571}.Debug|Any CPU.ActiveCfg = Debug|Any CPU
		{7B11D1C7-D165-46CB-8172-46E82A672571}.Debug|Any CPU.Build.0 = Debug|Any CPU
		{7B11D1C7-D165-46CB-8172-46E82A672571}.Release|Any CPU.ActiveCfg = Release|Any CPU
		{7B11D1C7-D165-46CB-8172-46E82A672571}.Release|Any CPU.Build.0 = Release|Any CPU
		{4B681AF4-D63E-4475-9193-07C8EAEFED72}.Debug|Any CPU.ActiveCfg = Debug|Any CPU
		{4B681AF4-D63E-4475-9193-07C8EAEFED72}.Debug|Any CPU.Build.0 = Debug|Any CPU
		{4B681AF4-D63E-4475-9193-07C8EAEFED72}.Release|Any CPU.ActiveCfg = Release|Any CPU
		{4B681AF4-D63E-4475-9193-07C8EAEFED72}.Release|Any CPU.Build.0 = Release|Any CPU
	EndGlobalSection
	GlobalSection(SolutionProperties) = preSolution
		HideSolutionNode = FALSE
	EndGlobalSection
	GlobalSection(ExtensibilityGlobals) = postSolution
		SolutionGuid = {FDA4B4E2-D8D3-4026-A0D9-111B99812AE8}
	EndGlobalSection
EndGlobal
