
Microsoft Visual Studio Solution File, Format Version 12.00
# Visual Studio Version 17
VisualStudioVersion = 17.8.34525.116
MinimumVisualStudioVersion = 10.0.40219.1
Project("{2150E333-8FDC-42A3-9474-1A3956D46DE8}") = "Solution Items", "Solution Items", "{C89D6169-D873-4460-8E21-F62FE41DD692}"
	ProjectSection(SolutionItems) = preProject
		.editorconfig = .editorconfig
	EndProjectSection
EndProject
Project("{9A19103F-16F7-4668-BE54-9A1E7A4F7556}") = "json-file-exercise", "json-file-exercise\json-file-exercise.csproj", "{6EA3781C-FFBF-4BC0-8A30-45287CD72A3A}"
EndProject
Project("{9A19103F-16F7-4668-BE54-9A1E7A4F7556}") = "operator-overloading", "operator-overloading\operator-overloading.csproj", "{FD1E2D73-CE40-45A4-B266-5BFC91BA8A92}"
EndProject
Project("{9A19103F-16F7-4668-BE54-9A1E7A4F7556}") = "bubble-sort-benchmark", "bubble-sort-benchmark\bubble-sort-benchmark.csproj", "{71ADCC3E-1FE9-431C-AABF-BB5C39712B13}"
EndProject
Project("{9A19103F-16F7-4668-BE54-9A1E7A4F7556}") = "merge-sort", "merge-sort\merge-sort.csproj", "{0428E27D-FAB7-43BB-9574-222E7D40AC3F}"
EndProject
Project("{9A19103F-16F7-4668-BE54-9A1E7A4F7556}") = "merge-sort-vs-bubble-sort", "merge-sort-vs-bubble-sort\merge-sort-vs-bubble-sort.csproj", "{C09799CE-7330-42E8-97C7-D60F30856DC8}"
EndProject
Project("{9A19103F-16F7-4668-BE54-9A1E7A4F7556}") = "dapper-exercise", "dapper-exercise\dapper-exercise.csproj", "{B341ECDF-B560-49EB-A0AD-03D365EAA43F}"
EndProject
Project("{FAE04EC0-301F-11D3-BF4B-00C04F79EFBC}") = "list-visualizer", "list-visualizer\list-visualizer.csproj", "{7B11D1C7-D165-46CB-8172-46E82A672571}"
EndProject
Project("{FAE04EC0-301F-11D3-BF4B-00C04F79EFBC}") = "valid-parentheses", "valid-parentheses\valid-parentheses.csproj", "{E27BB3D3-36BD-443C-B9A8-34AFA77179D4}"
EndProject
Project("{FAE04EC0-301F-11D3-BF4B-00C04F79EFBC}") = "ado-dotnet-exercise", "ado-dotnet-exercise\ado-dotnet-exercise.csproj", "{ED741EA0-65CD-469B-BA1F-28C00A04509E}"
EndProject
Project("{FAE04EC0-301F-11D3-BF4B-00C04F79EFBC}") = "dapper-contrib-exercise", "dapper-contrib-exercise\dapper-contrib-exercise.csproj", "{39F920DD-F755-4FD9-A336-838B78906924}"
EndProject
Project("{FAE04EC0-301F-11D3-BF4B-00C04F79EFBC}") = "linked-lists", "linked-lists\linked-lists.csproj", "{2E61987B-7FEF-4E67-BA25-30605951732D}"
EndProject
Project("{FAE04EC0-301F-11D3-BF4B-00C04F79EFBC}") = "entity-framework-store-example", "entity-framework-store-example\entity-framework-store-example.csproj", "{3F471029-E67A-4061-BE8A-3F1FAB50249E}"
EndProject
Project("{FAE04EC0-301F-11D3-BF4B-00C04F79EFBC}") = "wpf-introduction", "wpf-introduction\wpf-introduction.csproj", "{7C1467FD-405D-4084-B1C1-19EE4EA99FE0}"
EndProject
Project("{FAE04EC0-301F-11D3-BF4B-00C04F79EFBC}") = "database-first-approach", "database-first-approach\database-first-approach.csproj", "{C7166607-F100-452A-9259-64EE73AC7A10}"
EndProject
Project("{FAE04EC0-301F-11D3-BF4B-00C04F79EFBC}") = "boat-game", "boat-game\boat-game.csproj", "{EE149A90-5102-477A-95A3-6339ADFD7215}"
EndProject
Project("{FAE04EC0-301F-11D3-BF4B-00C04F79EFBC}") = "many-to-many", "many-to-many\many-to-many.csproj", "{B3047DCC-0EFF-44C4-9362-A0EFC6D8CEDA}"
EndProject
Project("{FAE04EC0-301F-11D3-BF4B-00C04F79EFBC}") = "wpf-application", "wpf-application\wpf-application.csproj", "{FF24BFDC-4B99-4EA9-8F87-B8771276D791}"
EndProject
Global
	GlobalSection(SolutionConfigurationPlatforms) = preSolution
		Debug|Any CPU = Debug|Any CPU
		Release|Any CPU = Release|Any CPU
	EndGlobalSection
	GlobalSection(ProjectConfigurationPlatforms) = postSolution
		{6EA3781C-FFBF-4BC0-8A30-45287CD72A3A}.Debug|Any CPU.ActiveCfg = Debug|Any CPU
		{6EA3781C-FFBF-4BC0-8A30-45287CD72A3A}.Debug|Any CPU.Build.0 = Debug|Any CPU
		{6EA3781C-FFBF-4BC0-8A30-45287CD72A3A}.Release|Any CPU.ActiveCfg = Release|Any CPU
		{6EA3781C-FFBF-4BC0-8A30-45287CD72A3A}.Release|Any CPU.Build.0 = Release|Any CPU
		{FD1E2D73-CE40-45A4-B266-5BFC91BA8A92}.Debug|Any CPU.ActiveCfg = Debug|Any CPU
		{FD1E2D73-CE40-45A4-B266-5BFC91BA8A92}.Debug|Any CPU.Build.0 = Debug|Any CPU
		{FD1E2D73-CE40-45A4-B266-5BFC91BA8A92}.Release|Any CPU.ActiveCfg = Release|Any CPU
		{FD1E2D73-CE40-45A4-B266-5BFC91BA8A92}.Release|Any CPU.Build.0 = Release|Any CPU
		{71ADCC3E-1FE9-431C-AABF-BB5C39712B13}.Debug|Any CPU.ActiveCfg = Debug|Any CPU
		{71ADCC3E-1FE9-431C-AABF-BB5C39712B13}.Debug|Any CPU.Build.0 = Debug|Any CPU
		{71ADCC3E-1FE9-431C-AABF-BB5C39712B13}.Release|Any CPU.ActiveCfg = Release|Any CPU
		{71ADCC3E-1FE9-431C-AABF-BB5C39712B13}.Release|Any CPU.Build.0 = Release|Any CPU
		{0428E27D-FAB7-43BB-9574-222E7D40AC3F}.Debug|Any CPU.ActiveCfg = Debug|Any CPU
		{0428E27D-FAB7-43BB-9574-222E7D40AC3F}.Debug|Any CPU.Build.0 = Debug|Any CPU
		{0428E27D-FAB7-43BB-9574-222E7D40AC3F}.Release|Any CPU.ActiveCfg = Release|Any CPU
		{0428E27D-FAB7-43BB-9574-222E7D40AC3F}.Release|Any CPU.Build.0 = Release|Any CPU
		{C09799CE-7330-42E8-97C7-D60F30856DC8}.Debug|Any CPU.ActiveCfg = Debug|Any CPU
		{C09799CE-7330-42E8-97C7-D60F30856DC8}.Debug|Any CPU.Build.0 = Debug|Any CPU
		{C09799CE-7330-42E8-97C7-D60F30856DC8}.Release|Any CPU.ActiveCfg = Release|Any CPU
		{C09799CE-7330-42E8-97C7-D60F30856DC8}.Release|Any CPU.Build.0 = Release|Any CPU
		{B341ECDF-B560-49EB-A0AD-03D365EAA43F}.Debug|Any CPU.ActiveCfg = Debug|Any CPU
		{B341ECDF-B560-49EB-A0AD-03D365EAA43F}.Debug|Any CPU.Build.0 = Debug|Any CPU
		{B341ECDF-B560-49EB-A0AD-03D365EAA43F}.Release|Any CPU.ActiveCfg = Release|Any CPU
		{B341ECDF-B560-49EB-A0AD-03D365EAA43F}.Release|Any CPU.Build.0 = Release|Any CPU
		{7B11D1C7-D165-46CB-8172-46E82A672571}.Debug|Any CPU.ActiveCfg = Debug|Any CPU
		{7B11D1C7-D165-46CB-8172-46E82A672571}.Debug|Any CPU.Build.0 = Debug|Any CPU
		{7B11D1C7-D165-46CB-8172-46E82A672571}.Release|Any CPU.ActiveCfg = Release|Any CPU
		{7B11D1C7-D165-46CB-8172-46E82A672571}.Release|Any CPU.Build.0 = Release|Any CPU
		{E27BB3D3-36BD-443C-B9A8-34AFA77179D4}.Debug|Any CPU.ActiveCfg = Debug|Any CPU
		{E27BB3D3-36BD-443C-B9A8-34AFA77179D4}.Debug|Any CPU.Build.0 = Debug|Any CPU
		{E27BB3D3-36BD-443C-B9A8-34AFA77179D4}.Release|Any CPU.ActiveCfg = Release|Any CPU
		{E27BB3D3-36BD-443C-B9A8-34AFA77179D4}.Release|Any CPU.Build.0 = Release|Any CPU
		{ED741EA0-65CD-469B-BA1F-28C00A04509E}.Debug|Any CPU.ActiveCfg = Debug|Any CPU
		{ED741EA0-65CD-469B-BA1F-28C00A04509E}.Debug|Any CPU.Build.0 = Debug|Any CPU
		{ED741EA0-65CD-469B-BA1F-28C00A04509E}.Release|Any CPU.ActiveCfg = Release|Any CPU
		{ED741EA0-65CD-469B-BA1F-28C00A04509E}.Release|Any CPU.Build.0 = Release|Any CPU
		{39F920DD-F755-4FD9-A336-838B78906924}.Debug|Any CPU.ActiveCfg = Debug|Any CPU
		{39F920DD-F755-4FD9-A336-838B78906924}.Debug|Any CPU.Build.0 = Debug|Any CPU
		{39F920DD-F755-4FD9-A336-838B78906924}.Release|Any CPU.ActiveCfg = Release|Any CPU
		{39F920DD-F755-4FD9-A336-838B78906924}.Release|Any CPU.Build.0 = Release|Any CPU
		{2E61987B-7FEF-4E67-BA25-30605951732D}.Debug|Any CPU.ActiveCfg = Debug|Any CPU
		{2E61987B-7FEF-4E67-BA25-30605951732D}.Debug|Any CPU.Build.0 = Debug|Any CPU
		{2E61987B-7FEF-4E67-BA25-30605951732D}.Release|Any CPU.ActiveCfg = Release|Any CPU
		{2E61987B-7FEF-4E67-BA25-30605951732D}.Release|Any CPU.Build.0 = Release|Any CPU
		{3F471029-E67A-4061-BE8A-3F1FAB50249E}.Debug|Any CPU.ActiveCfg = Debug|Any CPU
		{3F471029-E67A-4061-BE8A-3F1FAB50249E}.Debug|Any CPU.Build.0 = Debug|Any CPU
		{3F471029-E67A-4061-BE8A-3F1FAB50249E}.Release|Any CPU.ActiveCfg = Release|Any CPU
		{3F471029-E67A-4061-BE8A-3F1FAB50249E}.Release|Any CPU.Build.0 = Release|Any CPU
		{7C1467FD-405D-4084-B1C1-19EE4EA99FE0}.Debug|Any CPU.ActiveCfg = Debug|Any CPU
		{7C1467FD-405D-4084-B1C1-19EE4EA99FE0}.Debug|Any CPU.Build.0 = Debug|Any CPU
		{7C1467FD-405D-4084-B1C1-19EE4EA99FE0}.Release|Any CPU.ActiveCfg = Release|Any CPU
		{7C1467FD-405D-4084-B1C1-19EE4EA99FE0}.Release|Any CPU.Build.0 = Release|Any CPU
		{C7166607-F100-452A-9259-64EE73AC7A10}.Debug|Any CPU.ActiveCfg = Debug|Any CPU
		{C7166607-F100-452A-9259-64EE73AC7A10}.Debug|Any CPU.Build.0 = Debug|Any CPU
		{C7166607-F100-452A-9259-64EE73AC7A10}.Release|Any CPU.ActiveCfg = Release|Any CPU
		{C7166607-F100-452A-9259-64EE73AC7A10}.Release|Any CPU.Build.0 = Release|Any CPU
		{EE149A90-5102-477A-95A3-6339ADFD7215}.Debug|Any CPU.ActiveCfg = Debug|Any CPU
		{EE149A90-5102-477A-95A3-6339ADFD7215}.Debug|Any CPU.Build.0 = Debug|Any CPU
		{EE149A90-5102-477A-95A3-6339ADFD7215}.Debug|Any CPU.Deploy.0 = Debug|Any CPU
		{EE149A90-5102-477A-95A3-6339ADFD7215}.Release|Any CPU.ActiveCfg = Release|Any CPU
		{EE149A90-5102-477A-95A3-6339ADFD7215}.Release|Any CPU.Build.0 = Release|Any CPU
		{B3047DCC-0EFF-44C4-9362-A0EFC6D8CEDA}.Debug|Any CPU.ActiveCfg = Debug|Any CPU
		{B3047DCC-0EFF-44C4-9362-A0EFC6D8CEDA}.Debug|Any CPU.Build.0 = Debug|Any CPU
		{B3047DCC-0EFF-44C4-9362-A0EFC6D8CEDA}.Release|Any CPU.ActiveCfg = Release|Any CPU
		{B3047DCC-0EFF-44C4-9362-A0EFC6D8CEDA}.Release|Any CPU.Build.0 = Release|Any CPU
		{FF24BFDC-4B99-4EA9-8F87-B8771276D791}.Debug|Any CPU.ActiveCfg = Debug|Any CPU
		{FF24BFDC-4B99-4EA9-8F87-B8771276D791}.Debug|Any CPU.Build.0 = Debug|Any CPU
		{FF24BFDC-4B99-4EA9-8F87-B8771276D791}.Release|Any CPU.ActiveCfg = Release|Any CPU
		{FF24BFDC-4B99-4EA9-8F87-B8771276D791}.Release|Any CPU.Build.0 = Release|Any CPU
	EndGlobalSection
	GlobalSection(SolutionProperties) = preSolution
		HideSolutionNode = FALSE
	EndGlobalSection
	GlobalSection(ExtensibilityGlobals) = postSolution
		SolutionGuid = {FDA4B4E2-D8D3-4026-A0D9-111B99812AE8}
	EndGlobalSection
EndGlobal
