
Microsoft Visual Studio Solution File, Format Version 12.00
# Visual Studio Version 17
VisualStudioVersion = 17.8.34525.116
MinimumVisualStudioVersion = 10.0.40219.1
Project("{FAE04EC0-301F-11D3-BF4B-00C04F79EFBC}") = "csv-file-exercise", "csv-file-exercise\csv-file-exercise.csproj", "{66D74DDD-EFDA-4E16-A917-11F70228B78C}"
EndProject
Project("{2150E333-8FDC-42A3-9474-1A3956D46DE8}") = "Solution Items", "Solution Items", "{C89D6169-D873-4460-8E21-F62FE41DD692}"
	ProjectSection(SolutionItems) = preProject
		.editorconfig = .editorconfig
	EndProjectSection
EndProject
Project("{FAE04EC0-301F-11D3-BF4B-00C04F79EFBC}") = "json-file-exercise", "json-file-exercise\json-file-exercise.csproj", "{6EA3781C-FFBF-4BC0-8A30-45287CD72A3A}"
EndProject
Global
	GlobalSection(SolutionConfigurationPlatforms) = preSolution
		Debug|Any CPU = Debug|Any CPU
		Release|Any CPU = Release|Any CPU
	EndGlobalSection
	GlobalSection(ProjectConfigurationPlatforms) = postSolution
		{66D74DDD-EFDA-4E16-A917-11F70228B78C}.Debug|Any CPU.ActiveCfg = Debug|Any CPU
		{66D74DDD-EFDA-4E16-A917-11F70228B78C}.Debug|Any CPU.Build.0 = Debug|Any CPU
		{66D74DDD-EFDA-4E16-A917-11F70228B78C}.Release|Any CPU.ActiveCfg = Release|Any CPU
		{66D74DDD-EFDA-4E16-A917-11F70228B78C}.Release|Any CPU.Build.0 = Release|Any CPU
		{6EA3781C-FFBF-4BC0-8A30-45287CD72A3A}.Debug|Any CPU.ActiveCfg = Debug|Any CPU
		{6EA3781C-FFBF-4BC0-8A30-45287CD72A3A}.Debug|Any CPU.Build.0 = Debug|Any CPU
		{6EA3781C-FFBF-4BC0-8A30-45287CD72A3A}.Release|Any CPU.ActiveCfg = Release|Any CPU
		{6EA3781C-FFBF-4BC0-8A30-45287CD72A3A}.Release|Any CPU.Build.0 = Release|Any CPU
	EndGlobalSection
	GlobalSection(SolutionProperties) = preSolution
		HideSolutionNode = FALSE
	EndGlobalSection
	GlobalSection(ExtensibilityGlobals) = postSolution
		SolutionGuid = {FDA4B4E2-D8D3-4026-A0D9-111B99812AE8}
	EndGlobalSection
EndGlobal
